// !$*UTF8*$!
{
	archiveVersion = 1;
	classes = {
	};
	objectVersion = 77;
	objects = {

/* Begin PBXBuildFile section */
		13B65565E9D774D5AE4989D0 /* StitchlyTests.swift in Sources */ = {isa = PBXBuildFile; fileRef = 761106EF997B9870971DA39A /* StitchlyTests.swift */; };
		1AD6D4C4287A840B0642360E /* StitchlyApp.swift in Sources */ = {isa = PBXBuildFile; fileRef = F35B38BE7439864A8B02638C /* StitchlyApp.swift */; };
		3E992C75B3AD5863DB043901 /* mini-whale.pdf in Resources */ = {isa = PBXBuildFile; fileRef = FBF53E8EC80F252B966910FD /* mini-whale.pdf */; };
		4132819D1249F19AEB283B6B /* AuthManager.swift in Sources */ = {isa = PBXBuildFile; fileRef = 9B5292D329738A085F62B463 /* AuthManager.swift */; };
		463145A1B7737B67AA624168 /* PrivacyInfo.xcprivacy in Resources */ = {isa = PBXBuildFile; fileRef = 4BEEE1B86612F9B9D10FB31A /* PrivacyInfo.xcprivacy */; };
		49D7B6650ED27275AB1BA9CC /* Assets.xcassets in Resources */ = {isa = PBXBuildFile; fileRef = 5F144145528B63171AD36E0E /* Assets.xcassets */; };
		58636CA6EB2D83F71D3A3E6F /* DataCache.swift in Sources */ = {isa = PBXBuildFile; fileRef = 9743005EF2C4DF91DA57169F /* DataCache.swift */; };
		6FC376CE71AA58E992857736 /* LaunchScreen.storyboard in Resources */ = {isa = PBXBuildFile; fileRef = BF2580FCC98BF2993759CA97 /* LaunchScreen.storyboard */; };
		728E3BC82D2C735FDF02A3F9 /* OriginalPDFView.swift in Sources */ = {isa = PBXBuildFile; fileRef = 85F558BCE4AE79FB9A1DDC66 /* OriginalPDFView.swift */; };
		7AAECFC44F62BF501A381C43 /* Models.swift in Sources */ = {isa = PBXBuildFile; fileRef = 2816538EED2221611A1801B4 /* Models.swift */; };
		820FE1B939C7A113D272F14F /* mini-whale-cover.png in Resources */ = {isa = PBXBuildFile; fileRef = 13672D6D5535FB8E3CC60B5A /* mini-whale-cover.png */; };
		93ADAD6FC413C6DB3C89814D /* AccountView.swift in Sources */ = {isa = PBXBuildFile; fileRef = 815A74C9D4BBFC5D122B0928 /* AccountView.swift */; };
		9B429D4021B14992165E876F /* ReviewPromptPolicy.swift in Sources */ = {isa = PBXBuildFile; fileRef = CA911B0FB4FCFA1FCD537052 /* ReviewPromptPolicy.swift */; };
		9CE72064D3F66E2C63F6DFDB /* FirebaseAnalytics in Frameworks */ = {isa = PBXBuildFile; productRef = 976F344F3163702F8F654873 /* FirebaseAnalytics */; };
		9D18D04834E28D5F7B6F7204 /* StitchlyUITests.swift in Sources */ = {isa = PBXBuildFile; fileRef = 2DB3E3A95E4217D5578C0845 /* StitchlyUITests.swift */; };
		A74A1F4F5A2F012B8C0BB35C /* fruity-friends.pdf in Resources */ = {isa = PBXBuildFile; fileRef = EF0640D04CA194D1BC9F91C7 /* fruity-friends.pdf */; };
		AF383C7039C095AE2DAFD4EC /* perfect-granny-square-cover.png in Resources */ = {isa = PBXBuildFile; fileRef = E9C806807DA09DC4D9A4193A /* perfect-granny-square-cover.png */; };
		B0FD98BEE87F6EA7F6090F70 /* fruity-friends-cover.png in Resources */ = {isa = PBXBuildFile; fileRef = 852371ACDE8D29643AF63CE8 /* fruity-friends-cover.png */; };
		B1DFE27F7C18E4943DF74373 /* ProjectPhotoJournal.swift in Sources */ = {isa = PBXBuildFile; fileRef = 727E57A10CDB5D46186D460C /* ProjectPhotoJournal.swift */; };
		B816DFFA75BE6D3BEA7656E9 /* perfect-granny-square.pdf in Resources */ = {isa = PBXBuildFile; fileRef = 22F907F2B8AD369588E41F97 /* perfect-granny-square.pdf */; };
		BAF7C2DEF383F1C6B39FD9EB /* LibraryViews.swift in Sources */ = {isa = PBXBuildFile; fileRef = E3636C1FF0E6B76A0E789881 /* LibraryViews.swift */; };
		BC3F7EF3CBA38BF68DF3ADF6 /* GoogleService-Info.plist in Resources */ = {isa = PBXBuildFile; fileRef = AC3B8D4E6557C976D04CDD3A /* GoogleService-Info.plist */; };
		BCDAAAB1E28B9386A5B06621 /* Telemetry.swift in Sources */ = {isa = PBXBuildFile; fileRef = 83F84F149B7E2B4A0682623D /* Telemetry.swift */; };
		BE8B60903D55DFC210A87738 /* APIClient.swift in Sources */ = {isa = PBXBuildFile; fileRef = E1E0C769A63C577B2B309AD2 /* APIClient.swift */; };
		BEAFD792437EFC686EA7DAA4 /* PatternGlossary.swift in Sources */ = {isa = PBXBuildFile; fileRef = 13A2A9754D3328886F9AC713 /* PatternGlossary.swift */; };
		BFFAC1F8BD3F4DFDAEAC61F6 /* demo-catalog.json in Resources */ = {isa = PBXBuildFile; fileRef = 1392C2470A2AD889669D7FE5 /* demo-catalog.json */; };
		E57F10F94BAFCC1C429E1253 /* OnboardingView.swift in Sources */ = {isa = PBXBuildFile; fileRef = CF0001CD284F0E186D51EF85 /* OnboardingView.swift */; };
		E956EED2D8BEB4E1BD75A197 /* ProjectViews.swift in Sources */ = {isa = PBXBuildFile; fileRef = 01A7EDC7579F9A34F1A7C1FB /* ProjectViews.swift */; };
		EAD9F8F7DB1DE6A434439391 /* ProjectMaterials.swift in Sources */ = {isa = PBXBuildFile; fileRef = 5D2B54C17927188A7DD5A605 /* ProjectMaterials.swift */; };
/* End PBXBuildFile section */

/* Begin PBXContainerItemProxy section */
		1A0D1A32650C91881DDF9AA1 /* PBXContainerItemProxy */ = {
			isa = PBXContainerItemProxy;
			containerPortal = 0BFA9D8108D60665E696E87A /* Project object */;
			proxyType = 1;
			remoteGlobalIDString = CFF290397004D774A12DDF76;
			remoteInfo = Stitchly;
		};
		62BE2D981C778430CE4C5A15 /* PBXContainerItemProxy */ = {
			isa = PBXContainerItemProxy;
			containerPortal = 0BFA9D8108D60665E696E87A /* Project object */;
			proxyType = 1;
			remoteGlobalIDString = CFF290397004D774A12DDF76;
			remoteInfo = Stitchly;
		};
/* End PBXContainerItemProxy section */

/* Begin PBXFileReference section */
		01A7EDC7579F9A34F1A7C1FB /* ProjectViews.swift */ = {isa = PBXFileReference; lastKnownFileType = sourcecode.swift; path = ProjectViews.swift; sourceTree = "<group>"; };
		13672D6D5535FB8E3CC60B5A /* mini-whale-cover.png */ = {isa = PBXFileReference; lastKnownFileType = image.png; path = "mini-whale-cover.png"; sourceTree = "<group>"; };
		1392C2470A2AD889669D7FE5 /* demo-catalog.json */ = {isa = PBXFileReference; lastKnownFileType = text.json; path = "demo-catalog.json"; sourceTree = "<group>"; };
		13A2A9754D3328886F9AC713 /* PatternGlossary.swift */ = {isa = PBXFileReference; lastKnownFileType = sourcecode.swift; path = PatternGlossary.swift; sourceTree = "<group>"; };
		22F907F2B8AD369588E41F97 /* perfect-granny-square.pdf */ = {isa = PBXFileReference; lastKnownFileType = image.pdf; path = "perfect-granny-square.pdf"; sourceTree = "<group>"; };
		2816538EED2221611A1801B4 /* Models.swift */ = {isa = PBXFileReference; lastKnownFileType = sourcecode.swift; path = Models.swift; sourceTree = "<group>"; };
		2DB3E3A95E4217D5578C0845 /* StitchlyUITests.swift */ = {isa = PBXFileReference; lastKnownFileType = sourcecode.swift; path = StitchlyUITests.swift; sourceTree = "<group>"; };
		4BEEE1B86612F9B9D10FB31A /* PrivacyInfo.xcprivacy */ = {isa = PBXFileReference; path = PrivacyInfo.xcprivacy; sourceTree = "<group>"; };
		5D2B54C17927188A7DD5A605 /* ProjectMaterials.swift */ = {isa = PBXFileReference; lastKnownFileType = sourcecode.swift; path = ProjectMaterials.swift; sourceTree = "<group>"; };
		5F144145528B63171AD36E0E /* Assets.xcassets */ = {isa = PBXFileReference; lastKnownFileType = folder.assetcatalog; path = Assets.xcassets; sourceTree = "<group>"; };
		68EF58EA17CE4C75A76CA17C /* Info.plist */ = {isa = PBXFileReference; lastKnownFileType = text.plist; path = Info.plist; sourceTree = "<group>"; };
		727E57A10CDB5D46186D460C /* ProjectPhotoJournal.swift */ = {isa = PBXFileReference; lastKnownFileType = sourcecode.swift; path = ProjectPhotoJournal.swift; sourceTree = "<group>"; };
		761106EF997B9870971DA39A /* StitchlyTests.swift */ = {isa = PBXFileReference; lastKnownFileType = sourcecode.swift; path = StitchlyTests.swift; sourceTree = "<group>"; };
		806CE3EF509AEF3EBB9E2E3A /* StitchlyTests.xctest */ = {isa = PBXFileReference; includeInIndex = 0; lastKnownFileType = wrapper.cfbundle; path = StitchlyTests.xctest; sourceTree = BUILT_PRODUCTS_DIR; };
		815A74C9D4BBFC5D122B0928 /* AccountView.swift */ = {isa = PBXFileReference; lastKnownFileType = sourcecode.swift; path = AccountView.swift; sourceTree = "<group>"; };
		83F84F149B7E2B4A0682623D /* Telemetry.swift */ = {isa = PBXFileReference; lastKnownFileType = sourcecode.swift; path = Telemetry.swift; sourceTree = "<group>"; };
		852371ACDE8D29643AF63CE8 /* fruity-friends-cover.png */ = {isa = PBXFileReference; lastKnownFileType = image.png; path = "fruity-friends-cover.png"; sourceTree = "<group>"; };
		85F558BCE4AE79FB9A1DDC66 /* OriginalPDFView.swift */ = {isa = PBXFileReference; lastKnownFileType = sourcecode.swift; path = OriginalPDFView.swift; sourceTree = "<group>"; };
		9743005EF2C4DF91DA57169F /* DataCache.swift */ = {isa = PBXFileReference; lastKnownFileType = sourcecode.swift; path = DataCache.swift; sourceTree = "<group>"; };
		9B5292D329738A085F62B463 /* AuthManager.swift */ = {isa = PBXFileReference; lastKnownFileType = sourcecode.swift; path = AuthManager.swift; sourceTree = "<group>"; };
		AC3B8D4E6557C976D04CDD3A /* GoogleService-Info.plist */ = {isa = PBXFileReference; lastKnownFileType = text.plist; path = "GoogleService-Info.plist"; sourceTree = "<group>"; };
		B32F63E003499D6CC7AE4A51 /* Stitchly.app */ = {isa = PBXFileReference; includeInIndex = 0; lastKnownFileType = wrapper.application; path = Stitchly.app; sourceTree = BUILT_PRODUCTS_DIR; };
		BF2580FCC98BF2993759CA97 /* LaunchScreen.storyboard */ = {isa = PBXFileReference; lastKnownFileType = file.storyboard; path = LaunchScreen.storyboard; sourceTree = "<group>"; };
		C944A7AFC60449A5D4329DAB /* Stitchly.entitlements */ = {isa = PBXFileReference; lastKnownFileType = text.plist.entitlements; path = Stitchly.entitlements; sourceTree = "<group>"; };
		CA911B0FB4FCFA1FCD537052 /* ReviewPromptPolicy.swift */ = {isa = PBXFileReference; lastKnownFileType = sourcecode.swift; path = ReviewPromptPolicy.swift; sourceTree = "<group>"; };
		CF0001CD284F0E186D51EF85 /* OnboardingView.swift */ = {isa = PBXFileReference; lastKnownFileType = sourcecode.swift; path = OnboardingView.swift; sourceTree = "<group>"; };
		E1E0C769A63C577B2B309AD2 /* APIClient.swift */ = {isa = PBXFileReference; lastKnownFileType = sourcecode.swift; path = APIClient.swift; sourceTree = "<group>"; };
		E3636C1FF0E6B76A0E789881 /* LibraryViews.swift */ = {isa = PBXFileReference; lastKnownFileType = sourcecode.swift; path = LibraryViews.swift; sourceTree = "<group>"; };
		E5FAA1B8DE263DC7D95E86EF /* StitchlyUITests.xctest */ = {isa = PBXFileReference; includeInIndex = 0; lastKnownFileType = wrapper.cfbundle; path = StitchlyUITests.xctest; sourceTree = BUILT_PRODUCTS_DIR; };
		E9C806807DA09DC4D9A4193A /* perfect-granny-square-cover.png */ = {isa = PBXFileReference; lastKnownFileType = image.png; path = "perfect-granny-square-cover.png"; sourceTree = "<group>"; };
		EF0640D04CA194D1BC9F91C7 /* fruity-friends.pdf */ = {isa = PBXFileReference; lastKnownFileType = image.pdf; path = "fruity-friends.pdf"; sourceTree = "<group>"; };
		F35B38BE7439864A8B02638C /* StitchlyApp.swift */ = {isa = PBXFileReference; lastKnownFileType = sourcecode.swift; path = StitchlyApp.swift; sourceTree = "<group>"; };
		FBF53E8EC80F252B966910FD /* mini-whale.pdf */ = {isa = PBXFileReference; lastKnownFileType = image.pdf; path = "mini-whale.pdf"; sourceTree = "<group>"; };
/* End PBXFileReference section */

/* Begin PBXFrameworksBuildPhase section */
		C3A1EDCAF5538F58EDD825F9 /* Frameworks */ = {
			isa = PBXFrameworksBuildPhase;
			buildActionMask = 2147483647;
			files = (
				9CE72064D3F66E2C63F6DFDB /* FirebaseAnalytics in Frameworks */,
			);
			runOnlyForDeploymentPostprocessing = 0;
		};
/* End PBXFrameworksBuildPhase section */

/* Begin PBXGroup section */
		013C52D78951E7B2D1FCABC8 /* Demo */ = {
			isa = PBXGroup;
			children = (
				1392C2470A2AD889669D7FE5 /* demo-catalog.json */,
				852371ACDE8D29643AF63CE8 /* fruity-friends-cover.png */,
				EF0640D04CA194D1BC9F91C7 /* fruity-friends.pdf */,
				13672D6D5535FB8E3CC60B5A /* mini-whale-cover.png */,
				FBF53E8EC80F252B966910FD /* mini-whale.pdf */,
				E9C806807DA09DC4D9A4193A /* perfect-granny-square-cover.png */,
				22F907F2B8AD369588E41F97 /* perfect-granny-square.pdf */,
			);
			path = Demo;
			sourceTree = "<group>";
		};
		2C28AB2B8FA36AEA16115D72 = {
			isa = PBXGroup;
			children = (
				AC3B8D4E6557C976D04CDD3A /* GoogleService-Info.plist */,
				6083FDB89DE9D01D39C595FF /* Stitchly */,
				D52F38FAB7E7AB000A1DA9E7 /* StitchlyTests */,
				62A7E4C71355C1D13645BEAD /* StitchlyUITests */,
				92CBEF13FECAA62D74D115A4 /* Products */,
			);
			sourceTree = "<group>";
		};
		6083FDB89DE9D01D39C595FF /* Stitchly */ = {
			isa = PBXGroup;
			children = (
				815A74C9D4BBFC5D122B0928 /* AccountView.swift */,
				E1E0C769A63C577B2B309AD2 /* APIClient.swift */,
				5F144145528B63171AD36E0E /* Assets.xcassets */,
				9B5292D329738A085F62B463 /* AuthManager.swift */,
				9743005EF2C4DF91DA57169F /* DataCache.swift */,
				68EF58EA17CE4C75A76CA17C /* Info.plist */,
				BF2580FCC98BF2993759CA97 /* LaunchScreen.storyboard */,
				E3636C1FF0E6B76A0E789881 /* LibraryViews.swift */,
				2816538EED2221611A1801B4 /* Models.swift */,
				CF0001CD284F0E186D51EF85 /* OnboardingView.swift */,
				85F558BCE4AE79FB9A1DDC66 /* OriginalPDFView.swift */,
				13A2A9754D3328886F9AC713 /* PatternGlossary.swift */,
				4BEEE1B86612F9B9D10FB31A /* PrivacyInfo.xcprivacy */,
				5D2B54C17927188A7DD5A605 /* ProjectMaterials.swift */,
				727E57A10CDB5D46186D460C /* ProjectPhotoJournal.swift */,
				01A7EDC7579F9A34F1A7C1FB /* ProjectViews.swift */,
				CA911B0FB4FCFA1FCD537052 /* ReviewPromptPolicy.swift */,
				C944A7AFC60449A5D4329DAB /* Stitchly.entitlements */,
				F35B38BE7439864A8B02638C /* StitchlyApp.swift */,
				83F84F149B7E2B4A0682623D /* Telemetry.swift */,
				013C52D78951E7B2D1FCABC8 /* Demo */,
			);
			path = Stitchly;
			sourceTree = "<group>";
		};
		62A7E4C71355C1D13645BEAD /* StitchlyUITests */ = {
			isa = PBXGroup;
			children = (
				2DB3E3A95E4217D5578C0845 /* StitchlyUITests.swift */,
			);
			path = StitchlyUITests;
			sourceTree = "<group>";
		};
		92CBEF13FECAA62D74D115A4 /* Products */ = {
			isa = PBXGroup;
			children = (
				B32F63E003499D6CC7AE4A51 /* Stitchly.app */,
				806CE3EF509AEF3EBB9E2E3A /* StitchlyTests.xctest */,
				E5FAA1B8DE263DC7D95E86EF /* StitchlyUITests.xctest */,
			);
			name = Products;
			sourceTree = "<group>";
		};
		D52F38FAB7E7AB000A1DA9E7 /* StitchlyTests */ = {
			isa = PBXGroup;
			children = (
				761106EF997B9870971DA39A /* StitchlyTests.swift */,
			);
			path = StitchlyTests;
			sourceTree = "<group>";
		};
/* End PBXGroup section */

/* Begin PBXNativeTarget section */
		A709F03BEF46A638169845AA /* StitchlyUITests */ = {
			isa = PBXNativeTarget;
			buildConfigurationList = D31314861C8CE2CED4B76F33 /* Build configuration list for PBXNativeTarget "StitchlyUITests" */;
			buildPhases = (
				46D05EB20B8E077E5A37900C /* Sources */,
			);
			buildRules = (
			);
			dependencies = (
				B9B9B16648174DDB10440D6E /* PBXTargetDependency */,
			);
			name = StitchlyUITests;
			packageProductDependencies = (
			);
			productName = StitchlyUITests;
			productReference = E5FAA1B8DE263DC7D95E86EF /* StitchlyUITests.xctest */;
			productType = "com.apple.product-type.bundle.ui-testing";
		};
		AA3415E077D1219216D358B1 /* StitchlyTests */ = {
			isa = PBXNativeTarget;
			buildConfigurationList = 65C85D6723E123C95E923849 /* Build configuration list for PBXNativeTarget "StitchlyTests" */;
			buildPhases = (
				8BCE9FA3478C99C0A2FA7B33 /* Sources */,
			);
			buildRules = (
			);
			dependencies = (
				D915BAAA0B2611C09E319FA1 /* PBXTargetDependency */,
			);
			name = StitchlyTests;
			packageProductDependencies = (
			);
			productName = StitchlyTests;
			productReference = 806CE3EF509AEF3EBB9E2E3A /* StitchlyTests.xctest */;
			productType = "com.apple.product-type.bundle.unit-test";
		};
		CFF290397004D774A12DDF76 /* Stitchly */ = {
			isa = PBXNativeTarget;
			buildConfigurationList = 0399445C5CDEAEA1D9B7B533 /* Build configuration list for PBXNativeTarget "Stitchly" */;
			buildPhases = (
				BBC385480094974F90F5D218 /* Sources */,
				E8A283765F7BB38BFF794B2E /* Resources */,
				C3A1EDCAF5538F58EDD825F9 /* Frameworks */,
			);
			buildRules = (
			);
			dependencies = (
			);
			name = Stitchly;
			packageProductDependencies = (
				976F344F3163702F8F654873 /* FirebaseAnalytics */,
			);
			productName = Stitchly;
			productReference = B32F63E003499D6CC7AE4A51 /* Stitchly.app */;
			productType = "com.apple.product-type.application";
		};
/* End PBXNativeTarget section */

/* Begin PBXProject section */
		0BFA9D8108D60665E696E87A /* Project object */ = {
			isa = PBXProject;
			attributes = {
				BuildIndependentTargetsInParallel = YES;
				LastUpgradeCheck = 1430;
				TargetAttributes = {
					A709F03BEF46A638169845AA = {
						DevelopmentTeam = GJR42FB3HW;
						ProvisioningStyle = Automatic;
						TestTargetID = CFF290397004D774A12DDF76;
					};
					AA3415E077D1219216D358B1 = {
						DevelopmentTeam = GJR42FB3HW;
						ProvisioningStyle = Automatic;
					};
					CFF290397004D774A12DDF76 = {
						DevelopmentTeam = GJR42FB3HW;
					};
				};
			};
			buildConfigurationList = 0ED7711302800EA56A6136D5 /* Build configuration list for PBXProject "Stitchly" */;
			developmentRegion = en;
			hasScannedForEncodings = 0;
			knownRegions = (
				Base,
				en,
			);
			mainGroup = 2C28AB2B8FA36AEA16115D72;
			minimizedProjectReferenceProxies = 1;
			packageReferences = (
				973FB1F6350E3A54F25E5628 /* XCRemoteSwiftPackageReference "firebase-ios-sdk" */,
			);
			preferredProjectObjectVersion = 77;
			productRefGroup = 92CBEF13FECAA62D74D115A4 /* Products */;
			projectDirPath = "";
			projectRoot = "";
			targets = (
				CFF290397004D774A12DDF76 /* Stitchly */,
				AA3415E077D1219216D358B1 /* StitchlyTests */,
				A709F03BEF46A638169845AA /* StitchlyUITests */,
			);
		};
/* End PBXProject section */

/* Begin PBXResourcesBuildPhase section */
		E8A283765F7BB38BFF794B2E /* Resources */ = {
			isa = PBXResourcesBuildPhase;
			buildActionMask = 2147483647;
			files = (
				49D7B6650ED27275AB1BA9CC /* Assets.xcassets in Resources */,
				BC3F7EF3CBA38BF68DF3ADF6 /* GoogleService-Info.plist in Resources */,
				6FC376CE71AA58E992857736 /* LaunchScreen.storyboard in Resources */,
				463145A1B7737B67AA624168 /* PrivacyInfo.xcprivacy in Resources */,
				BFFAC1F8BD3F4DFDAEAC61F6 /* demo-catalog.json in Resources */,
				B0FD98BEE87F6EA7F6090F70 /* fruity-friends-cover.png in Resources */,
				A74A1F4F5A2F012B8C0BB35C /* fruity-friends.pdf in Resources */,
				820FE1B939C7A113D272F14F /* mini-whale-cover.png in Resources */,
				3E992C75B3AD5863DB043901 /* mini-whale.pdf in Resources */,
				AF383C7039C095AE2DAFD4EC /* perfect-granny-square-cover.png in Resources */,
				B816DFFA75BE6D3BEA7656E9 /* perfect-granny-square.pdf in Resources */,
			);
			runOnlyForDeploymentPostprocessing = 0;
		};
/* End PBXResourcesBuildPhase section */

/* Begin PBXSourcesBuildPhase section */
		46D05EB20B8E077E5A37900C /* Sources */ = {
			isa = PBXSourcesBuildPhase;
			buildActionMask = 2147483647;
			files = (
				9D18D04834E28D5F7B6F7204 /* StitchlyUITests.swift in Sources */,
			);
			runOnlyForDeploymentPostprocessing = 0;
		};
		8BCE9FA3478C99C0A2FA7B33 /* Sources */ = {
			isa = PBXSourcesBuildPhase;
			buildActionMask = 2147483647;
			files = (
				13B65565E9D774D5AE4989D0 /* StitchlyTests.swift in Sources */,
			);
			runOnlyForDeploymentPostprocessing = 0;
		};
		BBC385480094974F90F5D218 /* Sources */ = {
			isa = PBXSourcesBuildPhase;
			buildActionMask = 2147483647;
			files = (
				BE8B60903D55DFC210A87738 /* APIClient.swift in Sources */,
				93ADAD6FC413C6DB3C89814D /* AccountView.swift in Sources */,
				4132819D1249F19AEB283B6B /* AuthManager.swift in Sources */,
				58636CA6EB2D83F71D3A3E6F /* DataCache.swift in Sources */,
				BAF7C2DEF383F1C6B39FD9EB /* LibraryViews.swift in Sources */,
				7AAECFC44F62BF501A381C43 /* Models.swift in Sources */,
				E57F10F94BAFCC1C429E1253 /* OnboardingView.swift in Sources */,
				728E3BC82D2C735FDF02A3F9 /* OriginalPDFView.swift in Sources */,
				BEAFD792437EFC686EA7DAA4 /* PatternGlossary.swift in Sources */,
				EAD9F8F7DB1DE6A434439391 /* ProjectMaterials.swift in Sources */,
				B1DFE27F7C18E4943DF74373 /* ProjectPhotoJournal.swift in Sources */,
				E956EED2D8BEB4E1BD75A197 /* ProjectViews.swift in Sources */,
				9B429D4021B14992165E876F /* ReviewPromptPolicy.swift in Sources */,
				1AD6D4C4287A840B0642360E /* StitchlyApp.swift in Sources */,
				BCDAAAB1E28B9386A5B06621 /* Telemetry.swift in Sources */,
			);
			runOnlyForDeploymentPostprocessing = 0;
		};
/* End PBXSourcesBuildPhase section */

/* Begin PBXTargetDependency section */
		B9B9B16648174DDB10440D6E /* PBXTargetDependency */ = {
			isa = PBXTargetDependency;
			target = CFF290397004D774A12DDF76 /* Stitchly */;
			targetProxy = 62BE2D981C778430CE4C5A15 /* PBXContainerItemProxy */;
		};
		D915BAAA0B2611C09E319FA1 /* PBXTargetDependency */ = {
			isa = PBXTargetDependency;
			target = CFF290397004D774A12DDF76 /* Stitchly */;
			targetProxy = 1A0D1A32650C91881DDF9AA1 /* PBXContainerItemProxy */;
		};
/* End PBXTargetDependency section */

/* Begin XCBuildConfiguration section */
		10BEC70FE1ADEFCDB5679635 /* Release */ = {
			isa = XCBuildConfiguration;
			buildSettings = {
				ALWAYS_SEARCH_USER_PATHS = NO;
				CLANG_ANALYZER_NONNULL = YES;
				CLANG_ANALYZER_NUMBER_OBJECT_CONVERSION = YES_AGGRESSIVE;
				CLANG_CXX_LANGUAGE_STANDARD = "gnu++14";
				CLANG_CXX_LIBRARY = "libc++";
				CLANG_ENABLE_MODULES = YES;
				CLANG_ENABLE_OBJC_ARC = YES;
				CLANG_ENABLE_OBJC_WEAK = YES;
				CLANG_WARN_BLOCK_CAPTURE_AUTORELEASING = YES;
				CLANG_WARN_BOOL_CONVERSION = YES;
				CLANG_WARN_COMMA = YES;
				CLANG_WARN_CONSTANT_CONVERSION = YES;
				CLANG_WARN_DEPRECATED_OBJC_IMPLEMENTATIONS = YES;
				CLANG_WARN_DIRECT_OBJC_ISA_USAGE = YES_ERROR;
				CLANG_WARN_DOCUMENTATION_COMMENTS = YES;
				CLANG_WARN_EMPTY_BODY = YES;
				CLANG_WARN_ENUM_CONVERSION = YES;
				CLANG_WARN_INFINITE_RECURSION = YES;
				CLANG_WARN_INT_CONVERSION = YES;
				CLANG_WARN_NON_LITERAL_NULL_CONVERSION = YES;
				CLANG_WARN_OBJC_IMPLICIT_RETAIN_SELF = YES;
				CLANG_WARN_OBJC_LITERAL_CONVERSION = YES;
				CLANG_WARN_OBJC_ROOT_CLASS = YES_ERROR;
				CLANG_WARN_QUOTED_INCLUDE_IN_FRAMEWORK_HEADER = YES;
				CLANG_WARN_RANGE_LOOP_ANALYSIS = YES;
				CLANG_WARN_STRICT_PROTOTYPES = YES;
				CLANG_WARN_SUSPICIOUS_MOVE = YES;
				CLANG_WARN_UNGUARDED_AVAILABILITY = YES_AGGRESSIVE;
				CLANG_WARN_UNREACHABLE_CODE = YES;
				CLANG_WARN__DUPLICATE_METHOD_MATCH = YES;
				CODE_SIGN_STYLE = Automatic;
				COPY_PHASE_STRIP = NO;
				CURRENT_PROJECT_VERSION = 28;
				DEBUG_INFORMATION_FORMAT = "dwarf-with-dsym";
				DEVELOPMENT_TEAM = GJR42FB3HW;
				ENABLE_NS_ASSERTIONS = NO;
				ENABLE_STRICT_OBJC_MSGSEND = YES;
				GCC_C_LANGUAGE_STANDARD = gnu11;
				GCC_NO_COMMON_BLOCKS = YES;
				GCC_WARN_64_TO_32_BIT_CONVERSION = YES;
				GCC_WARN_ABOUT_RETURN_TYPE = YES_ERROR;
				GCC_WARN_UNDECLARED_SELECTOR = YES;
				GCC_WARN_UNINITIALIZED_AUTOS = YES_AGGRESSIVE;
				GCC_WARN_UNUSED_FUNCTION = YES;
				GCC_WARN_UNUSED_VARIABLE = YES;
				IPHONEOS_DEPLOYMENT_TARGET = 18.0;
				MARKETING_VERSION = 1.0;
				MTL_ENABLE_DEBUG_INFO = NO;
				MTL_FAST_MATH = YES;
				PRODUCT_NAME = "$(TARGET_NAME)";
				SDKROOT = iphoneos;
				SWIFT_COMPILATION_MODE = wholemodule;
				SWIFT_OPTIMIZATION_LEVEL = "-O";
				SWIFT_VERSION = 6.0;
			};
			name = Release;
		};
		2222DE0BD0A2C1B44E2F8297 /* Debug */ = {
			isa = XCBuildConfiguration;
			buildSettings = {
				BUNDLE_LOADER = "$(TEST_HOST)";
				GENERATE_INFOPLIST_FILE = YES;
				LD_RUNPATH_SEARCH_PATHS = (
					"$(inherited)",
					"@executable_path/Frameworks",
					"@loader_path/Frameworks",
				);
				PRODUCT_BUNDLE_IDENTIFIER = com.lukejeffproduct.stitchly.uitests;
				SDKROOT = iphoneos;
				TARGETED_DEVICE_FAMILY = "1,2";
				TEST_TARGET_NAME = Stitchly;
			};
			name = Debug;
		};
		2725D289648660919EDA372D /* Release */ = {
			isa = XCBuildConfiguration;
			buildSettings = {
				ASSETCATALOG_COMPILER_APPICON_NAME = AppIcon;
				CODE_SIGN_ENTITLEMENTS = Stitchly/Stitchly.entitlements;
				CODE_SIGN_IDENTITY = "Apple Distribution";
				CODE_SIGN_STYLE = Manual;
				INFOPLIST_FILE = Stitchly/Info.plist;
				LD_RUNPATH_SEARCH_PATHS = (
					"$(inherited)",
					"@executable_path/Frameworks",
				);
				PRODUCT_BUNDLE_IDENTIFIER = com.lukejeffproduct.stitchly;
				PRODUCT_NAME = Stitchly;
				PROVISIONING_PROFILE_SPECIFIER = "com.lukejeffproduct.stitchly AppStore";
				SDKROOT = iphoneos;
				TARGETED_DEVICE_FAMILY = 1;
			};
			name = Release;
		};
		6CBE470097617B455DEC1F43 /* Release */ = {
			isa = XCBuildConfiguration;
			buildSettings = {
				BUNDLE_LOADER = "$(TEST_HOST)";
				GENERATE_INFOPLIST_FILE = YES;
				LD_RUNPATH_SEARCH_PATHS = (
					"$(inherited)",
					"@executable_path/Frameworks",
					"@loader_path/Frameworks",
				);
				PRODUCT_BUNDLE_IDENTIFIER = com.lukejeffproduct.stitchly.uitests;
				SDKROOT = iphoneos;
				TARGETED_DEVICE_FAMILY = "1,2";
				TEST_TARGET_NAME = Stitchly;
			};
			name = Release;
		};
		6D5DD3BCA4BB7948F15F6E10 /* Debug */ = {
			isa = XCBuildConfiguration;
			buildSettings = {
				ALWAYS_SEARCH_USER_PATHS = NO;
				CLANG_ANALYZER_NONNULL = YES;
				CLANG_ANALYZER_NUMBER_OBJECT_CONVERSION = YES_AGGRESSIVE;
				CLANG_CXX_LANGUAGE_STANDARD = "gnu++14";
				CLANG_CXX_LIBRARY = "libc++";
				CLANG_ENABLE_MODULES = YES;
				CLANG_ENABLE_OBJC_ARC = YES;
				CLANG_ENABLE_OBJC_WEAK = YES;
				CLANG_WARN_BLOCK_CAPTURE_AUTORELEASING = YES;
				CLANG_WARN_BOOL_CONVERSION = YES;
				CLANG_WARN_COMMA = YES;
				CLANG_WARN_CONSTANT_CONVERSION = YES;
				CLANG_WARN_DEPRECATED_OBJC_IMPLEMENTATIONS = YES;
				CLANG_WARN_DIRECT_OBJC_ISA_USAGE = YES_ERROR;
				CLANG_WARN_DOCUMENTATION_COMMENTS = YES;
				CLANG_WARN_EMPTY_BODY = YES;
				CLANG_WARN_ENUM_CONVERSION = YES;
				CLANG_WARN_INFINITE_RECURSION = YES;
				CLANG_WARN_INT_CONVERSION = YES;
				CLANG_WARN_NON_LITERAL_NULL_CONVERSION = YES;
				CLANG_WARN_OBJC_IMPLICIT_RETAIN_SELF = YES;
				CLANG_WARN_OBJC_LITERAL_CONVERSION = YES;
				CLANG_WARN_OBJC_ROOT_CLASS = YES_ERROR;
				CLANG_WARN_QUOTED_INCLUDE_IN_FRAMEWORK_HEADER = YES;
				CLANG_WARN_RANGE_LOOP_ANALYSIS = YES;
				CLANG_WARN_STRICT_PROTOTYPES = YES;
				CLANG_WARN_SUSPICIOUS_MOVE = YES;
				CLANG_WARN_UNGUARDED_AVAILABILITY = YES_AGGRESSIVE;
				CLANG_WARN_UNREACHABLE_CODE = YES;
				CLANG_WARN__DUPLICATE_METHOD_MATCH = YES;
				CODE_SIGN_STYLE = Automatic;
				COPY_PHASE_STRIP = NO;
				CURRENT_PROJECT_VERSION = 28;
				DEBUG_INFORMATION_FORMAT = dwarf;
				DEVELOPMENT_TEAM = GJR42FB3HW;
				ENABLE_STRICT_OBJC_MSGSEND = YES;
				ENABLE_TESTABILITY = YES;
				GCC_C_LANGUAGE_STANDARD = gnu11;
				GCC_DYNAMIC_NO_PIC = NO;
				GCC_NO_COMMON_BLOCKS = YES;
				GCC_OPTIMIZATION_LEVEL = 0;
				GCC_PREPROCESSOR_DEFINITIONS = (
					"$(inherited)",
					"DEBUG=1",
				);
				GCC_WARN_64_TO_32_BIT_CONVERSION = YES;
				GCC_WARN_ABOUT_RETURN_TYPE = YES_ERROR;
				GCC_WARN_UNDECLARED_SELECTOR = YES;
				GCC_WARN_UNINITIALIZED_AUTOS = YES_AGGRESSIVE;
				GCC_WARN_UNUSED_FUNCTION = YES;
				GCC_WARN_UNUSED_VARIABLE = YES;
				IPHONEOS_DEPLOYMENT_TARGET = 18.0;
				MARKETING_VERSION = 1.0;
				MTL_ENABLE_DEBUG_INFO = INCLUDE_SOURCE;
				MTL_FAST_MATH = YES;
				ONLY_ACTIVE_ARCH = YES;
				PRODUCT_NAME = "$(TARGET_NAME)";
				SDKROOT = iphoneos;
				SWIFT_ACTIVE_COMPILATION_CONDITIONS = DEBUG;
				SWIFT_OPTIMIZATION_LEVEL = "-Onone";
				SWIFT_VERSION = 6.0;
			};
			name = Debug;
		};
		A119F922FA7D09080CDFAC80 /* Debug */ = {
			isa = XCBuildConfiguration;
			buildSettings = {
				BUNDLE_LOADER = "$(TEST_HOST)";
				GENERATE_INFOPLIST_FILE = YES;
				LD_RUNPATH_SEARCH_PATHS = (
					"$(inherited)",
					"@executable_path/Frameworks",
					"@loader_path/Frameworks",
				);
				PRODUCT_BUNDLE_IDENTIFIER = com.lukejeffproduct.stitchly.tests;
				SDKROOT = iphoneos;
				TARGETED_DEVICE_FAMILY = "1,2";
				TEST_HOST = "$(BUILT_PRODUCTS_DIR)/Stitchly.app/Stitchly";
			};
			name = Debug;
		};
		BB472794E08F69F47C500772 /* Release */ = {
			isa = XCBuildConfiguration;
			buildSettings = {
				BUNDLE_LOADER = "$(TEST_HOST)";
				GENERATE_INFOPLIST_FILE = YES;
				LD_RUNPATH_SEARCH_PATHS = (
					"$(inherited)",
					"@executable_path/Frameworks",
					"@loader_path/Frameworks",
				);
				PRODUCT_BUNDLE_IDENTIFIER = com.lukejeffproduct.stitchly.tests;
				SDKROOT = iphoneos;
				TARGETED_DEVICE_FAMILY = "1,2";
				TEST_HOST = "$(BUILT_PRODUCTS_DIR)/Stitchly.app/Stitchly";
			};
			name = Release;
		};
		D3368AA995AE8433D8F0C033 /* Debug */ = {
			isa = XCBuildConfiguration;
			buildSettings = {
				ASSETCATALOG_COMPILER_APPICON_NAME = AppIcon;
				CODE_SIGN_ENTITLEMENTS = Stitchly/Stitchly.entitlements;
				CODE_SIGN_IDENTITY = "iPhone Developer";
				INFOPLIST_FILE = Stitchly/Info.plist;
				LD_RUNPATH_SEARCH_PATHS = (
					"$(inherited)",
					"@executable_path/Frameworks",
				);
				PRODUCT_BUNDLE_IDENTIFIER = com.lukejeffproduct.stitchly;
				PRODUCT_NAME = Stitchly;
				SDKROOT = iphoneos;
				TARGETED_DEVICE_FAMILY = 1;
			};
			name = Debug;
		};
/* End XCBuildConfiguration section */

/* Begin XCConfigurationList section */
		0399445C5CDEAEA1D9B7B533 /* Build configuration list for PBXNativeTarget "Stitchly" */ = {
			isa = XCConfigurationList;
			buildConfigurations = (
				D3368AA995AE8433D8F0C033 /* Debug */,
				2725D289648660919EDA372D /* Release */,
			);
			defaultConfigurationIsVisible = 0;
			defaultConfigurationName = Debug;
		};
		0ED7711302800EA56A6136D5 /* Build configuration list for PBXProject "Stitchly" */ = {
			isa = XCConfigurationList;
			buildConfigurations = (
				6D5DD3BCA4BB7948F15F6E10 /* Debug */,
				10BEC70FE1ADEFCDB5679635 /* Release */,
			);
			defaultConfigurationIsVisible = 0;
			defaultConfigurationName = Debug;
		};
		65C85D6723E123C95E923849 /* Build configuration list for PBXNativeTarget "StitchlyTests" */ = {
			isa = XCConfigurationList;
			buildConfigurations = (
				A119F922FA7D09080CDFAC80 /* Debug */,
				BB472794E08F69F47C500772 /* Release */,
			);
			defaultConfigurationIsVisible = 0;
			defaultConfigurationName = Debug;
		};
		D31314861C8CE2CED4B76F33 /* Build configuration list for PBXNativeTarget "StitchlyUITests" */ = {
			isa = XCConfigurationList;
			buildConfigurations = (
				2222DE0BD0A2C1B44E2F8297 /* Debug */,
				6CBE470097617B455DEC1F43 /* Release */,
			);
			defaultConfigurationIsVisible = 0;
			defaultConfigurationName = Debug;
		};
/* End XCConfigurationList section */

/* Begin XCRemoteSwiftPackageReference section */
		973FB1F6350E3A54F25E5628 /* XCRemoteSwiftPackageReference "firebase-ios-sdk" */ = {
			isa = XCRemoteSwiftPackageReference;
			repositoryURL = "https://github.com/firebase/firebase-ios-sdk.git";
			requirement = {
				kind = exactVersion;
				version = 12.17.0;
			};
		};
/* End XCRemoteSwiftPackageReference section */

/* Begin XCSwiftPackageProductDependency section */
		976F344F3163702F8F654873 /* FirebaseAnalytics */ = {
			isa = XCSwiftPackageProductDependency;
			package = 973FB1F6350E3A54F25E5628 /* XCRemoteSwiftPackageReference "firebase-ios-sdk" */;
			productName = FirebaseAnalytics;
		};
/* End XCSwiftPackageProductDependency section */
	};
	rootObject = 0BFA9D8108D60665E696E87A /* Project object */;
}
